
Microsoft Visual Studio Solution File, Format Version 12.00
# Visual Studio Version 17
VisualStudioVersion = 17.11.35303.130
MinimumVisualStudioVersion = 10.0.40219.1
Project("{FAE04EC0-301F-11D3-BF4B-00C04F79EFBC}") = "Pricing", "Pricing\Pricing.csproj", "{0F7138B5-5BFD-4C50-B5C9-C3A897A8E61E}"
EndProject
Global
	GlobalSection(SolutionConfigurationPlatforms) = preSolution
		Debug|Any CPU = Debug|Any CPU
		Release|Any CPU = Release|Any CPU
	EndGlobalSection
	GlobalSection(ProjectConfigurationPlatforms) = postSolution
		{0F7138B5-5BFD-4C50-B5C9-C3A897A8E61E}.Debug|Any CPU.ActiveCfg = Debug|Any CPU
		{0F7138B5-5BFD-4C50-B5C9-C3A897A8E61E}.Debug|Any CPU.Build.0 = Debug|Any CPU
		{0F7138B5-5BFD-4C50-B5C9-C3A897A8E61E}.Release|Any CPU.ActiveCfg = Release|Any CPU
		{0F7138B5-5BFD-4C50-B5C9-C3A897A8E61E}.Release|Any CPU.Build.0 = Release|Any CPU
	EndGlobalSection
	GlobalSection(SolutionProperties) = preSolution
		HideSolutionNode = FALSE
	EndGlobalSection
	GlobalSection(ExtensibilityGlobals) = postSolution
		SolutionGuid = {9FB5D150-5875-42B9-86E6-DDC93B193C40}
	EndGlobalSection
EndGlobal
