
Microsoft Visual Studio Solution File, Format Version 12.00
# Visual Studio Version 17
VisualStudioVersion = 17.11.35303.130
MinimumVisualStudioVersion = 10.0.40219.1
Project("{FAE04EC0-301F-11D3-BF4B-00C04F79EFBC}") = "Pricing", "Pricing\Pricing.csproj", "{215C6C94-0B48-4629-8CF5-D02AA1CC7047}"
EndProject
Global
	GlobalSection(SolutionConfigurationPlatforms) = preSolution
		Debug|Any CPU = Debug|Any CPU
		Release|Any CPU = Release|Any CPU
	EndGlobalSection
	GlobalSection(ProjectConfigurationPlatforms) = postSolution
		{215C6C94-0B48-4629-8CF5-D02AA1CC7047}.Debug|Any CPU.ActiveCfg = Debug|Any CPU
		{215C6C94-0B48-4629-8CF5-D02AA1CC7047}.Debug|Any CPU.Build.0 = Debug|Any CPU
		{215C6C94-0B48-4629-8CF5-D02AA1CC7047}.Release|Any CPU.ActiveCfg = Release|Any CPU
		{215C6C94-0B48-4629-8CF5-D02AA1CC7047}.Release|Any CPU.Build.0 = Release|Any CPU
	EndGlobalSection
	GlobalSection(SolutionProperties) = preSolution
		HideSolutionNode = FALSE
	EndGlobalSection
	GlobalSection(ExtensibilityGlobals) = postSolution
		SolutionGuid = {F90355FC-DC54-43A4-BD44-4EC9096853C0}
	EndGlobalSection
EndGlobal
